
Microsoft Visual Studio Solution File, Format Version 12.00
# Visual Studio Version 17
VisualStudioVersion = 17.6.33829.357
MinimumVisualStudioVersion = 10.0.40219.1
Project("{9A19103F-16F7-4668-BE54-9A1E7A4F7556}") = "Lab1", "DataProtection\Lab1.csproj", "{58EBF603-C8BF-4903-AFD8-290C4776C760}"
EndProject
Project("{9A19103F-16F7-4668-BE54-9A1E7A4F7556}") = "Lab2", "Lab2\Lab2.csproj", "{7ECB24ED-B8AE-47C9-B09B-3C49E080F95C}"
EndProject
Project("{9A19103F-16F7-4668-BE54-9A1E7A4F7556}") = "Lab3", "Lab3\Lab3.csproj", "{EE5076D3-4F74-4C3F-937F-4DC062B475FB}"
EndProject
Project("{9A19103F-16F7-4668-BE54-9A1E7A4F7556}") = "Lab4", "Lab4\Lab4.csproj", "{56F6317D-D812-4485-824D-B3B7F0290C4A}"
EndProject
Project("{9A19103F-16F7-4668-BE54-9A1E7A4F7556}") = "Lab5_IDEA", "Lab5_IDEA\Lab5_IDEA.csproj", "{68248DCF-38E2-4507-BA60-CB41464B3E61}"
EndProject
Project("{FAE04EC0-301F-11D3-BF4B-00C04F79EFBC}") = "Lab6_WeakElGamal", "Lab6_WeakElGamal\Lab6_WeakElGamal.csproj", "{8A6DFED0-6236-4EB2-B5C3-4ACB1084DEEA}"
EndProject
Project("{FAE04EC0-301F-11D3-BF4B-00C04F79EFBC}") = "Kursach_ElGamal", "Kursach_ElGamal\Kursach_ElGamal.csproj", "{5A832462-29BA-4079-83FA-3FF048313C9D}"
EndProject
Global
	GlobalSection(SolutionConfigurationPlatforms) = preSolution
		Debug|Any CPU = Debug|Any CPU
		Release|Any CPU = Release|Any CPU
	EndGlobalSection
	GlobalSection(ProjectConfigurationPlatforms) = postSolution
		{58EBF603-C8BF-4903-AFD8-290C4776C760}.Debug|Any CPU.ActiveCfg = Debug|Any CPU
		{58EBF603-C8BF-4903-AFD8-290C4776C760}.Debug|Any CPU.Build.0 = Debug|Any CPU
		{58EBF603-C8BF-4903-AFD8-290C4776C760}.Release|Any CPU.ActiveCfg = Release|Any CPU
		{58EBF603-C8BF-4903-AFD8-290C4776C760}.Release|Any CPU.Build.0 = Release|Any CPU
		{7ECB24ED-B8AE-47C9-B09B-3C49E080F95C}.Debug|Any CPU.ActiveCfg = Debug|Any CPU
		{7ECB24ED-B8AE-47C9-B09B-3C49E080F95C}.Debug|Any CPU.Build.0 = Debug|Any CPU
		{7ECB24ED-B8AE-47C9-B09B-3C49E080F95C}.Release|Any CPU.ActiveCfg = Release|Any CPU
		{7ECB24ED-B8AE-47C9-B09B-3C49E080F95C}.Release|Any CPU.Build.0 = Release|Any CPU
		{EE5076D3-4F74-4C3F-937F-4DC062B475FB}.Debug|Any CPU.ActiveCfg = Debug|Any CPU
		{EE5076D3-4F74-4C3F-937F-4DC062B475FB}.Debug|Any CPU.Build.0 = Debug|Any CPU
		{EE5076D3-4F74-4C3F-937F-4DC062B475FB}.Release|Any CPU.ActiveCfg = Release|Any CPU
		{EE5076D3-4F74-4C3F-937F-4DC062B475FB}.Release|Any CPU.Build.0 = Release|Any CPU
		{56F6317D-D812-4485-824D-B3B7F0290C4A}.Debug|Any CPU.ActiveCfg = Debug|Any CPU
		{56F6317D-D812-4485-824D-B3B7F0290C4A}.Debug|Any CPU.Build.0 = Debug|Any CPU
		{56F6317D-D812-4485-824D-B3B7F0290C4A}.Release|Any CPU.ActiveCfg = Release|Any CPU
		{56F6317D-D812-4485-824D-B3B7F0290C4A}.Release|Any CPU.Build.0 = Release|Any CPU
		{68248DCF-38E2-4507-BA60-CB41464B3E61}.Debug|Any CPU.ActiveCfg = Debug|Any CPU
		{68248DCF-38E2-4507-BA60-CB41464B3E61}.Debug|Any CPU.Build.0 = Debug|Any CPU
		{68248DCF-38E2-4507-BA60-CB41464B3E61}.Release|Any CPU.ActiveCfg = Release|Any CPU
		{68248DCF-38E2-4507-BA60-CB41464B3E61}.Release|Any CPU.Build.0 = Release|Any CPU
		{8A6DFED0-6236-4EB2-B5C3-4ACB1084DEEA}.Debug|Any CPU.ActiveCfg = Debug|Any CPU
		{8A6DFED0-6236-4EB2-B5C3-4ACB1084DEEA}.Debug|Any CPU.Build.0 = Debug|Any CPU
		{8A6DFED0-6236-4EB2-B5C3-4ACB1084DEEA}.Release|Any CPU.ActiveCfg = Release|Any CPU
		{8A6DFED0-6236-4EB2-B5C3-4ACB1084DEEA}.Release|Any CPU.Build.0 = Release|Any CPU
		{5A832462-29BA-4079-83FA-3FF048313C9D}.Debug|Any CPU.ActiveCfg = Debug|Any CPU
		{5A832462-29BA-4079-83FA-3FF048313C9D}.Debug|Any CPU.Build.0 = Debug|Any CPU
		{5A832462-29BA-4079-83FA-3FF048313C9D}.Release|Any CPU.ActiveCfg = Release|Any CPU
		{5A832462-29BA-4079-83FA-3FF048313C9D}.Release|Any CPU.Build.0 = Release|Any CPU
	EndGlobalSection
	GlobalSection(SolutionProperties) = preSolution
		HideSolutionNode = FALSE
	EndGlobalSection
	GlobalSection(ExtensibilityGlobals) = postSolution
		SolutionGuid = {28395606-10C1-4215-9D6C-D7CE79CEB08E}
	EndGlobalSection
EndGlobal
